
Microsoft Visual Studio Solution File, Format Version 12.00
# Visual Studio Version 17
VisualStudioVersion = 17.3.32929.385
MinimumVisualStudioVersion = 10.0.40219.1
Project("{FAE04EC0-301F-11D3-BF4B-00C04F79EFBC}") = "TP3F", "TP3F\TP3F.csproj", "{A69BF0A4-FEC9-4142-9624-B88B0EA11B9C}"
EndProject
Global
	GlobalSection(SolutionConfigurationPlatforms) = preSolution
		Debug|Any CPU = Debug|Any CPU
		Release|Any CPU = Release|Any CPU
	EndGlobalSection
	GlobalSection(ProjectConfigurationPlatforms) = postSolution
		{A69BF0A4-FEC9-4142-9624-B88B0EA11B9C}.Debug|Any CPU.ActiveCfg = Debug|Any CPU
		{A69BF0A4-FEC9-4142-9624-B88B0EA11B9C}.Debug|Any CPU.Build.0 = Debug|Any CPU
		{A69BF0A4-FEC9-4142-9624-B88B0EA11B9C}.Release|Any CPU.ActiveCfg = Release|Any CPU
		{A69BF0A4-FEC9-4142-9624-B88B0EA11B9C}.Release|Any CPU.Build.0 = Release|Any CPU
	EndGlobalSection
	GlobalSection(SolutionProperties) = preSolution
		HideSolutionNode = FALSE
	EndGlobalSection
	GlobalSection(ExtensibilityGlobals) = postSolution
		SolutionGuid = {9418E904-ED92-4CC9-BEE1-E6C72E8B3410}
	EndGlobalSection
EndGlobal
